
Microsoft Visual Studio Solution File, Format Version 12.00
# Visual Studio Version 16
VisualStudioVersion = 16.0.30413.136
MinimumVisualStudioVersion = 10.0.40219.1
Project("{FAE04EC0-301F-11D3-BF4B-00C04F79EFBC}") = "TechnoIsland Bookstore", "TechnoIsland Bookstore.csproj", "{EE7D6C30-6153-4AAF-906E-8B8D107B39EB}"
EndProject
Global
	GlobalSection(SolutionConfigurationPlatforms) = preSolution
		Debug|Any CPU = Debug|Any CPU
		Release|Any CPU = Release|Any CPU
	EndGlobalSection
	GlobalSection(ProjectConfigurationPlatforms) = postSolution
		{EE7D6C30-6153-4AAF-906E-8B8D107B39EB}.Debug|Any CPU.ActiveCfg = Debug|Any CPU
		{EE7D6C30-6153-4AAF-906E-8B8D107B39EB}.Debug|Any CPU.Build.0 = Debug|Any CPU
		{EE7D6C30-6153-4AAF-906E-8B8D107B39EB}.Release|Any CPU.ActiveCfg = Release|Any CPU
		{EE7D6C30-6153-4AAF-906E-8B8D107B39EB}.Release|Any CPU.Build.0 = Release|Any CPU
	EndGlobalSection
	GlobalSection(SolutionProperties) = preSolution
		HideSolutionNode = FALSE
	EndGlobalSection
	GlobalSection(ExtensibilityGlobals) = postSolution
		SolutionGuid = {E4D82DD7-32C2-4B32-86C6-9A830536F470}
	EndGlobalSection
EndGlobal
